
Microsoft Visual Studio Solution File, Format Version 12.00
# Visual Studio 15
VisualStudioVersion = 15.0.26124.0
MinimumVisualStudioVersion = 15.0.26124.0
Project("{2150E333-8FDC-42A3-9474-1A3956D46DE8}") = "src", "src", "{0D2F2F65-1E89-4E0A-9FF4-A7EB13EB969C}"
EndProject
Project("{FAE04EC0-301F-11D3-BF4B-00C04F79EFBC}") = "PolymerApplication", "src\PolymerApplication\PolymerApplication.csproj", "{C4C0CD7B-E081-4F68-8E41-44B41DDA9935}"
EndProject
Project("{FAE04EC0-301F-11D3-BF4B-00C04F79EFBC}") = "PolymerShop", "src\PolymerShop\PolymerShop.csproj", "{FBFFE9BB-525B-477B-AC27-2FF1DC776C7E}"
EndProject
Global
	GlobalSection(SolutionConfigurationPlatforms) = preSolution
		Debug|Any CPU = Debug|Any CPU
		Debug|x64 = Debug|x64
		Debug|x86 = Debug|x86
		Release|Any CPU = Release|Any CPU
		Release|x64 = Release|x64
		Release|x86 = Release|x86
	EndGlobalSection
	GlobalSection(SolutionProperties) = preSolution
		HideSolutionNode = FALSE
	EndGlobalSection
	GlobalSection(ProjectConfigurationPlatforms) = postSolution
		{C4C0CD7B-E081-4F68-8E41-44B41DDA9935}.Debug|Any CPU.ActiveCfg = Debug|Any CPU
		{C4C0CD7B-E081-4F68-8E41-44B41DDA9935}.Debug|Any CPU.Build.0 = Debug|Any CPU
		{C4C0CD7B-E081-4F68-8E41-44B41DDA9935}.Debug|x64.ActiveCfg = Debug|x64
		{C4C0CD7B-E081-4F68-8E41-44B41DDA9935}.Debug|x64.Build.0 = Debug|x64
		{C4C0CD7B-E081-4F68-8E41-44B41DDA9935}.Debug|x86.ActiveCfg = Debug|x86
		{C4C0CD7B-E081-4F68-8E41-44B41DDA9935}.Debug|x86.Build.0 = Debug|x86
		{C4C0CD7B-E081-4F68-8E41-44B41DDA9935}.Release|Any CPU.ActiveCfg = Release|Any CPU
		{C4C0CD7B-E081-4F68-8E41-44B41DDA9935}.Release|Any CPU.Build.0 = Release|Any CPU
		{C4C0CD7B-E081-4F68-8E41-44B41DDA9935}.Release|x64.ActiveCfg = Release|x64
		{C4C0CD7B-E081-4F68-8E41-44B41DDA9935}.Release|x64.Build.0 = Release|x64
		{C4C0CD7B-E081-4F68-8E41-44B41DDA9935}.Release|x86.ActiveCfg = Release|x86
		{C4C0CD7B-E081-4F68-8E41-44B41DDA9935}.Release|x86.Build.0 = Release|x86
		{FBFFE9BB-525B-477B-AC27-2FF1DC776C7E}.Debug|Any CPU.ActiveCfg = Debug|Any CPU
		{FBFFE9BB-525B-477B-AC27-2FF1DC776C7E}.Debug|Any CPU.Build.0 = Debug|Any CPU
		{FBFFE9BB-525B-477B-AC27-2FF1DC776C7E}.Debug|x64.ActiveCfg = Debug|x64
		{FBFFE9BB-525B-477B-AC27-2FF1DC776C7E}.Debug|x64.Build.0 = Debug|x64
		{FBFFE9BB-525B-477B-AC27-2FF1DC776C7E}.Debug|x86.ActiveCfg = Debug|x86
		{FBFFE9BB-525B-477B-AC27-2FF1DC776C7E}.Debug|x86.Build.0 = Debug|x86
		{FBFFE9BB-525B-477B-AC27-2FF1DC776C7E}.Release|Any CPU.ActiveCfg = Release|Any CPU
		{FBFFE9BB-525B-477B-AC27-2FF1DC776C7E}.Release|Any CPU.Build.0 = Release|Any CPU
		{FBFFE9BB-525B-477B-AC27-2FF1DC776C7E}.Release|x64.ActiveCfg = Release|x64
		{FBFFE9BB-525B-477B-AC27-2FF1DC776C7E}.Release|x64.Build.0 = Release|x64
		{FBFFE9BB-525B-477B-AC27-2FF1DC776C7E}.Release|x86.ActiveCfg = Release|x86
		{FBFFE9BB-525B-477B-AC27-2FF1DC776C7E}.Release|x86.Build.0 = Release|x86
	EndGlobalSection
	GlobalSection(NestedProjects) = preSolution
		{C4C0CD7B-E081-4F68-8E41-44B41DDA9935} = {0D2F2F65-1E89-4E0A-9FF4-A7EB13EB969C}
		{FBFFE9BB-525B-477B-AC27-2FF1DC776C7E} = {0D2F2F65-1E89-4E0A-9FF4-A7EB13EB969C}
	EndGlobalSection
EndGlobal
